
Microsoft Visual Studio Solution File, Format Version 12.00
# Visual Studio Version 17
VisualStudioVersion = 17.7.34024.191
MinimumVisualStudioVersion = 10.0.40219.1
Project("{FAE04EC0-301F-11D3-BF4B-00C04F79EFBC}") = "Homework-09-07-2023", "Homework-09-07-2023\Homework-09-07-2023.csproj", "{86366330-F497-4884-BC34-DBEC3152F09C}"
EndProject
Global
	GlobalSection(SolutionConfigurationPlatforms) = preSolution
		Debug|Any CPU = Debug|Any CPU
		Release|Any CPU = Release|Any CPU
	EndGlobalSection
	GlobalSection(ProjectConfigurationPlatforms) = postSolution
		{86366330-F497-4884-BC34-DBEC3152F09C}.Debug|Any CPU.ActiveCfg = Debug|Any CPU
		{86366330-F497-4884-BC34-DBEC3152F09C}.Debug|Any CPU.Build.0 = Debug|Any CPU
		{86366330-F497-4884-BC34-DBEC3152F09C}.Release|Any CPU.ActiveCfg = Release|Any CPU
		{86366330-F497-4884-BC34-DBEC3152F09C}.Release|Any CPU.Build.0 = Release|Any CPU
	EndGlobalSection
	GlobalSection(SolutionProperties) = preSolution
		HideSolutionNode = FALSE
	EndGlobalSection
	GlobalSection(ExtensibilityGlobals) = postSolution
		SolutionGuid = {54C42EE5-671D-40C1-9681-1B590CE91EDA}
	EndGlobalSection
EndGlobal
